
Microsoft Visual Studio Solution File, Format Version 12.00
# Visual Studio 15
Project("{FAE04EC0-301F-11D3-BF4B-00C04F79EFBC}") = "Assembly-CSharp", "Assembly-CSharp.csproj", "{0FF152F4-1C18-1070-F223-7C1962942119}"
EndProject
Project("{FAE04EC0-301F-11D3-BF4B-00C04F79EFBC}") = "Assembly-CSharp-Editor", "Assembly-CSharp-Editor.csproj", "{E38B5014-5357-62A1-786B-03D96642FF77}"
EndProject
Global
	GlobalSection(SolutionConfigurationPlatforms) = preSolution
		Debug|Any CPU = Debug|Any CPU
		Release|Any CPU = Release|Any CPU
	EndGlobalSection
	GlobalSection(ProjectConfigurationPlatforms) = postSolution
		{0FF152F4-1C18-1070-F223-7C1962942119}.Debug|Any CPU.ActiveCfg = Debug|Any CPU
		{0FF152F4-1C18-1070-F223-7C1962942119}.Debug|Any CPU.Build.0 = Debug|Any CPU
		{0FF152F4-1C18-1070-F223-7C1962942119}.Release|Any CPU.ActiveCfg = Release|Any CPU
		{0FF152F4-1C18-1070-F223-7C1962942119}.Release|Any CPU.Build.0 = Release|Any CPU
		{E38B5014-5357-62A1-786B-03D96642FF77}.Debug|Any CPU.ActiveCfg = Debug|Any CPU
		{E38B5014-5357-62A1-786B-03D96642FF77}.Debug|Any CPU.Build.0 = Debug|Any CPU
		{E38B5014-5357-62A1-786B-03D96642FF77}.Release|Any CPU.ActiveCfg = Release|Any CPU
		{E38B5014-5357-62A1-786B-03D96642FF77}.Release|Any CPU.Build.0 = Release|Any CPU
	EndGlobalSection
	GlobalSection(SolutionProperties) = preSolution
		HideSolutionNode = FALSE
	EndGlobalSection
EndGlobal
